
Microsoft Visual Studio Solution File, Format Version 12.00
# Visual Studio Version 17
VisualStudioVersion = 17.5.33424.131
MinimumVisualStudioVersion = 10.0.40219.1
Project("{FAE04EC0-301F-11D3-BF4B-00C04F79EFBC}") = "Aplicacion con multi hilos", "Aplicacion con multi hilos\Aplicacion con multi hilos.csproj", "{D690EB3E-F8C4-411D-B37F-2CACEDD332FF}"
EndProject
Global
	GlobalSection(SolutionConfigurationPlatforms) = preSolution
		Debug|Any CPU = Debug|Any CPU
		Release|Any CPU = Release|Any CPU
	EndGlobalSection
	GlobalSection(ProjectConfigurationPlatforms) = postSolution
		{D690EB3E-F8C4-411D-B37F-2CACEDD332FF}.Debug|Any CPU.ActiveCfg = Debug|Any CPU
		{D690EB3E-F8C4-411D-B37F-2CACEDD332FF}.Debug|Any CPU.Build.0 = Debug|Any CPU
		{D690EB3E-F8C4-411D-B37F-2CACEDD332FF}.Release|Any CPU.ActiveCfg = Release|Any CPU
		{D690EB3E-F8C4-411D-B37F-2CACEDD332FF}.Release|Any CPU.Build.0 = Release|Any CPU
	EndGlobalSection
	GlobalSection(SolutionProperties) = preSolution
		HideSolutionNode = FALSE
	EndGlobalSection
	GlobalSection(ExtensibilityGlobals) = postSolution
		SolutionGuid = {31C10DB5-F588-404D-A5EA-7BCCAEDD523D}
	EndGlobalSection
EndGlobal
